
Microsoft Visual Studio Solution File, Format Version 12.00
# Visual Studio Version 17
VisualStudioVersion = 17.12.35506.116
MinimumVisualStudioVersion = 10.0.40219.1
Project("{FAE04EC0-301F-11D3-BF4B-00C04F79EFBC}") = "innoClinic", "innoClinic\innoClinic.csproj", "{4B509259-41B7-44E0-AED6-DA94370E39BE}"
EndProject
Project("{FAE04EC0-301F-11D3-BF4B-00C04F79EFBC}") = "Authorization.Api", "Authorrization.Api\Authorization.Api.csproj", "{DD4EECCB-24FA-408B-B219-A244BD45E92A}"
EndProject
Project("{FAE04EC0-301F-11D3-BF4B-00C04F79EFBC}") = "Authorization.DataAccess", "Authorization.DataAccess\Authorization.DataAccess.csproj", "{87463690-AB42-44A3-97B4-AE0142B8DE20}"
EndProject
Project("{FAE04EC0-301F-11D3-BF4B-00C04F79EFBC}") = "Authorization.Domain", "Authorization.Domain\Authorization.Domain.csproj", "{DB685B78-872F-443F-85C8-C04CE293608F}"
EndProject
Project("{FAE04EC0-301F-11D3-BF4B-00C04F79EFBC}") = "Authorization.Application", "Authorization.Application\Authorization.Application.csproj", "{EF45AF89-E73B-4376-AB83-48C9E6FD3278}"
EndProject
Project("{FAE04EC0-301F-11D3-BF4B-00C04F79EFBC}") = "Shared.Abstractions", "innoClinic.Abstractions\Shared.Abstractions.csproj", "{47C225B1-7681-48C8-8A83-9E25C1DB291E}"
EndProject
Project("{FAE04EC0-301F-11D3-BF4B-00C04F79EFBC}") = "Offices.Api", "Offices.Api\Offices.Api.csproj", "{149F3437-FF47-40B8-A5FB-F43828BDCD25}"
EndProject
Project("{2150E333-8FDC-42A3-9474-1A3956D46DE8}") = "Offices", "Offices", "{4B04C7F1-E16E-437D-AA0C-B3CB7BFBB552}"
EndProject
Project("{FAE04EC0-301F-11D3-BF4B-00C04F79EFBC}") = "Offices.DataAccess", "Offices.DataAccess\Offices.DataAccess.csproj", "{7AF4ABA8-36CE-4EEA-A4C9-6F984710EDD1}"
EndProject
Project("{FAE04EC0-301F-11D3-BF4B-00C04F79EFBC}") = "Offices.Domain", "Offices.Domain\Offices.Domain.csproj", "{40BA3DB7-075F-4198-95D7-0883EADC6D86}"
EndProject
Project("{FAE04EC0-301F-11D3-BF4B-00C04F79EFBC}") = "Offices.Application", "Offices.Application\Offices.Application.csproj", "{D07385D5-B187-4385-832E-7BB6A916B06C}"
EndProject
Project("{2150E333-8FDC-42A3-9474-1A3956D46DE8}") = "Authorization", "Authorization", "{108C54C1-88DB-4FB2-ABED-31F24DC6920A}"
EndProject
Project("{2150E333-8FDC-42A3-9474-1A3956D46DE8}") = "Profiles", "Profiles", "{7E2FA01E-414B-473B-83DD-6D6FE1EFF217}"
EndProject
Project("{FAE04EC0-301F-11D3-BF4B-00C04F79EFBC}") = "Profiles.Api", "ProfilesApi\Profiles.Api.csproj", "{2A44AC06-DDCD-4C97-AD70-7E26625ED7E3}"
EndProject
Project("{FAE04EC0-301F-11D3-BF4B-00C04F79EFBC}") = "Profiles.Domain", "Profiles.Domain\Profiles.Domain.csproj", "{C762ADFA-8A22-405B-A862-5241CB523184}"
EndProject
Project("{FAE04EC0-301F-11D3-BF4B-00C04F79EFBC}") = "Profiles.DataAccess", "Profiles.DataAccess\Profiles.DataAccess.csproj", "{B27E0B6A-9D98-447C-A6E8-9B8193852EF2}"
EndProject
Project("{FAE04EC0-301F-11D3-BF4B-00C04F79EFBC}") = "Profiles.Application", "Profiles.Application\Profiles.Application.csproj", "{318992AF-19BF-446C-9A84-D18A679182B3}"
EndProject
Project("{2150E333-8FDC-42A3-9474-1A3956D46DE8}") = "Solution Items", "Solution Items", "{D1E07C9C-EDDB-4C18-A0A9-53971A43A2B2}"
EndProject
Project("{E53339B2-1760-4266-BCC7-CA923CBCF16C}") = "docker-compose", "docker-compose.dcproj", "{4A86CB02-E668-40CA-9B7E-A868C82CB77E}"
EndProject
Project("{FAE04EC0-301F-11D3-BF4B-00C04F79EFBC}") = "Appointments.Api", "Appointments.Api\Appointments.Api.csproj", "{8964580D-E2D0-44B0-B08A-59A8229FC4CC}"
EndProject
Project("{FAE04EC0-301F-11D3-BF4B-00C04F79EFBC}") = "Appointments.Application", "Appointments.Application\Appointments.Application.csproj", "{D10D3A29-EB4F-4C0B-A2E7-17D92349FD44}"
EndProject
Project("{FAE04EC0-301F-11D3-BF4B-00C04F79EFBC}") = "Appointments.DataAccess", "Appointments.DataAccess\Appointments.DataAccess.csproj", "{9BAF3A48-C794-4B25-B71A-A57703E98FC1}"
EndProject
Project("{FAE04EC0-301F-11D3-BF4B-00C04F79EFBC}") = "Appointments.Domain", "Appointments.Domain\Appointments.Domain.csproj", "{F4022F98-426B-446A-BA25-9B67EEA92ED3}"
EndProject
Project("{2150E333-8FDC-42A3-9474-1A3956D46DE8}") = "Appointments", "Appointments", "{B8DDFE53-E5B8-4DE7-9FFB-57AE8E2980FC}"
EndProject
Project("{2150E333-8FDC-42A3-9474-1A3956D46DE8}") = "Services", "Services", "{F1B502C9-BA03-4BD2-81E4-1D1083511CEF}"
EndProject
Project("{FAE04EC0-301F-11D3-BF4B-00C04F79EFBC}") = "Services.Api", "Services.Api\Services.Api.csproj", "{FD5F6F23-4D99-49CD-974A-61BE4F5A8CEB}"
EndProject
Project("{FAE04EC0-301F-11D3-BF4B-00C04F79EFBC}") = "Services.Domain", "Services.Domain\Services.Domain.csproj", "{3568B8C0-ADE6-4D54-88F9-6665688629BF}"
EndProject
Project("{FAE04EC0-301F-11D3-BF4B-00C04F79EFBC}") = "Services.Application", "Services.Application\Services.Application.csproj", "{3AABAE21-6775-48EC-8392-FC822AA77C51}"
EndProject
Project("{FAE04EC0-301F-11D3-BF4B-00C04F79EFBC}") = "Services.DataAccess", "Services.DataAccess\Services.DataAccess.csproj", "{83DD80AF-59AE-4816-8B9D-F7344E9647CE}"
EndProject
Project("{2150E333-8FDC-42A3-9474-1A3956D46DE8}") = "Documents", "Documents", "{36A196F9-C44F-4375-9C78-5F79EA8863AF}"
EndProject
Project("{FAE04EC0-301F-11D3-BF4B-00C04F79EFBC}") = "Documents.GrpcApi", "Documents.GrpcApi\Documents.GrpcApi.csproj", "{4488C983-91C6-47A9-9027-B1A3392C24B5}"
EndProject
Project("{FAE04EC0-301F-11D3-BF4B-00C04F79EFBC}") = "Documents.DataAccess", "Documents.DataAccess\Documents.DataAccess.csproj", "{74E49488-5A54-4B68-899F-16731BEEB1E0}"
EndProject
Project("{FAE04EC0-301F-11D3-BF4B-00C04F79EFBC}") = "Documents.Application", "Documents.Application\Documents.Application.csproj", "{72E435A1-6491-4707-91F7-242A88374DC1}"
EndProject
Project("{FAE04EC0-301F-11D3-BF4B-00C04F79EFBC}") = "Documents.Domain", "Documents.Domain\Documents.Domain.csproj", "{996B05E5-5642-42CF-B556-65149C535177}"
EndProject
Project("{2150E333-8FDC-42A3-9474-1A3956D46DE8}") = "Notifications", "Notifications", "{EB185880-B574-4EA4-8864-5AB58C79E124}"
EndProject
Project("{FAE04EC0-301F-11D3-BF4B-00C04F79EFBC}") = "Notifications.GrpcApi", "Notifications.GrpcApi\Notifications.GrpcApi.csproj", "{A088DEFD-22F8-47FD-8F66-2F66F739E55F}"
EndProject
Project("{FAE04EC0-301F-11D3-BF4B-00C04F79EFBC}") = "Notifications.Application", "Notifications.Application\Notifications.Application.csproj", "{E60C1246-358E-41A7-A37B-4D0CCFD3E18D}"
EndProject
Project("{FAE04EC0-301F-11D3-BF4B-00C04F79EFBC}") = "Notifications.Domain", "Notifications.Domain\Notifications.Domain.csproj", "{16EBEB5D-9CD1-4EF9-BD4C-26BDDF3E8185}"
EndProject
Project("{FAE04EC0-301F-11D3-BF4B-00C04F79EFBC}") = "Shared.Events.Contracts", "Shared.Events.Contracts\Shared.Events.Contracts.csproj", "{D46A955D-D42F-47B1-A320-2D6A87F7FE57}"
EndProject
Project("{2150E333-8FDC-42A3-9474-1A3956D46DE8}") = "Facade", "Facade", "{AAC8D94B-83CE-4DA0-BB0A-F2FC11338D9B}"
EndProject
Project("{FAE04EC0-301F-11D3-BF4B-00C04F79EFBC}") = "FacadeApi", "FacadeApi\FacadeApi.csproj", "{7FE49020-9ADA-4E88-8B2E-3D03006AA74C}"
EndProject
Project("{FAE04EC0-301F-11D3-BF4B-00C04F79EFBC}") = "Shared.PdfGenerator", "Shared.PdfGenerator\Shared.PdfGenerator.csproj", "{6796E215-546E-41DA-9C63-4AF4D52D6036}"
EndProject
Project("{FAE04EC0-301F-11D3-BF4B-00C04F79EFBC}") = "Shared.ServiceDiscovery", "Shared.ServiceDiscovery\Shared.ServiceDiscovery.csproj", "{02501A9F-DB26-4928-B8BE-2C2A2D4F542B}"
EndProject
Project("{FAE04EC0-301F-11D3-BF4B-00C04F79EFBC}") = "Services.UnitTests", "Services.UnitTests\Services.UnitTests.csproj", "{833B2484-CC79-4DD7-A47B-C9DCF928B088}"
EndProject
Global
	GlobalSection(SolutionConfigurationPlatforms) = preSolution
		Debug|Any CPU = Debug|Any CPU
		Release|Any CPU = Release|Any CPU
	EndGlobalSection
	GlobalSection(ProjectConfigurationPlatforms) = postSolution
		{4B509259-41B7-44E0-AED6-DA94370E39BE}.Debug|Any CPU.ActiveCfg = Debug|Any CPU
		{4B509259-41B7-44E0-AED6-DA94370E39BE}.Debug|Any CPU.Build.0 = Debug|Any CPU
		{4B509259-41B7-44E0-AED6-DA94370E39BE}.Release|Any CPU.ActiveCfg = Release|Any CPU
		{4B509259-41B7-44E0-AED6-DA94370E39BE}.Release|Any CPU.Build.0 = Release|Any CPU
		{DD4EECCB-24FA-408B-B219-A244BD45E92A}.Debug|Any CPU.ActiveCfg = Debug|Any CPU
		{DD4EECCB-24FA-408B-B219-A244BD45E92A}.Debug|Any CPU.Build.0 = Debug|Any CPU
		{DD4EECCB-24FA-408B-B219-A244BD45E92A}.Release|Any CPU.ActiveCfg = Release|Any CPU
		{DD4EECCB-24FA-408B-B219-A244BD45E92A}.Release|Any CPU.Build.0 = Release|Any CPU
		{87463690-AB42-44A3-97B4-AE0142B8DE20}.Debug|Any CPU.ActiveCfg = Debug|Any CPU
		{87463690-AB42-44A3-97B4-AE0142B8DE20}.Debug|Any CPU.Build.0 = Debug|Any CPU
		{87463690-AB42-44A3-97B4-AE0142B8DE20}.Release|Any CPU.ActiveCfg = Release|Any CPU
		{87463690-AB42-44A3-97B4-AE0142B8DE20}.Release|Any CPU.Build.0 = Release|Any CPU
		{DB685B78-872F-443F-85C8-C04CE293608F}.Debug|Any CPU.ActiveCfg = Debug|Any CPU
		{DB685B78-872F-443F-85C8-C04CE293608F}.Debug|Any CPU.Build.0 = Debug|Any CPU
		{DB685B78-872F-443F-85C8-C04CE293608F}.Release|Any CPU.ActiveCfg = Release|Any CPU
		{DB685B78-872F-443F-85C8-C04CE293608F}.Release|Any CPU.Build.0 = Release|Any CPU
		{EF45AF89-E73B-4376-AB83-48C9E6FD3278}.Debug|Any CPU.ActiveCfg = Debug|Any CPU
		{EF45AF89-E73B-4376-AB83-48C9E6FD3278}.Debug|Any CPU.Build.0 = Debug|Any CPU
		{EF45AF89-E73B-4376-AB83-48C9E6FD3278}.Release|Any CPU.ActiveCfg = Release|Any CPU
		{EF45AF89-E73B-4376-AB83-48C9E6FD3278}.Release|Any CPU.Build.0 = Release|Any CPU
		{47C225B1-7681-48C8-8A83-9E25C1DB291E}.Debug|Any CPU.ActiveCfg = Debug|Any CPU
		{47C225B1-7681-48C8-8A83-9E25C1DB291E}.Debug|Any CPU.Build.0 = Debug|Any CPU
		{47C225B1-7681-48C8-8A83-9E25C1DB291E}.Release|Any CPU.ActiveCfg = Release|Any CPU
		{47C225B1-7681-48C8-8A83-9E25C1DB291E}.Release|Any CPU.Build.0 = Release|Any CPU
		{149F3437-FF47-40B8-A5FB-F43828BDCD25}.Debug|Any CPU.ActiveCfg = Debug|Any CPU
		{149F3437-FF47-40B8-A5FB-F43828BDCD25}.Debug|Any CPU.Build.0 = Debug|Any CPU
		{149F3437-FF47-40B8-A5FB-F43828BDCD25}.Release|Any CPU.ActiveCfg = Release|Any CPU
		{149F3437-FF47-40B8-A5FB-F43828BDCD25}.Release|Any CPU.Build.0 = Release|Any CPU
		{7AF4ABA8-36CE-4EEA-A4C9-6F984710EDD1}.Debug|Any CPU.ActiveCfg = Debug|Any CPU
		{7AF4ABA8-36CE-4EEA-A4C9-6F984710EDD1}.Debug|Any CPU.Build.0 = Debug|Any CPU
		{7AF4ABA8-36CE-4EEA-A4C9-6F984710EDD1}.Release|Any CPU.ActiveCfg = Release|Any CPU
		{7AF4ABA8-36CE-4EEA-A4C9-6F984710EDD1}.Release|Any CPU.Build.0 = Release|Any CPU
		{40BA3DB7-075F-4198-95D7-0883EADC6D86}.Debug|Any CPU.ActiveCfg = Debug|Any CPU
		{40BA3DB7-075F-4198-95D7-0883EADC6D86}.Debug|Any CPU.Build.0 = Debug|Any CPU
		{40BA3DB7-075F-4198-95D7-0883EADC6D86}.Release|Any CPU.ActiveCfg = Release|Any CPU
		{40BA3DB7-075F-4198-95D7-0883EADC6D86}.Release|Any CPU.Build.0 = Release|Any CPU
		{D07385D5-B187-4385-832E-7BB6A916B06C}.Debug|Any CPU.ActiveCfg = Debug|Any CPU
		{D07385D5-B187-4385-832E-7BB6A916B06C}.Debug|Any CPU.Build.0 = Debug|Any CPU
		{D07385D5-B187-4385-832E-7BB6A916B06C}.Release|Any CPU.ActiveCfg = Release|Any CPU
		{D07385D5-B187-4385-832E-7BB6A916B06C}.Release|Any CPU.Build.0 = Release|Any CPU
		{2A44AC06-DDCD-4C97-AD70-7E26625ED7E3}.Debug|Any CPU.ActiveCfg = Debug|Any CPU
		{2A44AC06-DDCD-4C97-AD70-7E26625ED7E3}.Debug|Any CPU.Build.0 = Debug|Any CPU
		{2A44AC06-DDCD-4C97-AD70-7E26625ED7E3}.Release|Any CPU.ActiveCfg = Release|Any CPU
		{2A44AC06-DDCD-4C97-AD70-7E26625ED7E3}.Release|Any CPU.Build.0 = Release|Any CPU
		{C762ADFA-8A22-405B-A862-5241CB523184}.Debug|Any CPU.ActiveCfg = Debug|Any CPU
		{C762ADFA-8A22-405B-A862-5241CB523184}.Debug|Any CPU.Build.0 = Debug|Any CPU
		{C762ADFA-8A22-405B-A862-5241CB523184}.Release|Any CPU.ActiveCfg = Release|Any CPU
		{C762ADFA-8A22-405B-A862-5241CB523184}.Release|Any CPU.Build.0 = Release|Any CPU
		{B27E0B6A-9D98-447C-A6E8-9B8193852EF2}.Debug|Any CPU.ActiveCfg = Debug|Any CPU
		{B27E0B6A-9D98-447C-A6E8-9B8193852EF2}.Debug|Any CPU.Build.0 = Debug|Any CPU
		{B27E0B6A-9D98-447C-A6E8-9B8193852EF2}.Release|Any CPU.ActiveCfg = Release|Any CPU
		{B27E0B6A-9D98-447C-A6E8-9B8193852EF2}.Release|Any CPU.Build.0 = Release|Any CPU
		{318992AF-19BF-446C-9A84-D18A679182B3}.Debug|Any CPU.ActiveCfg = Debug|Any CPU
		{318992AF-19BF-446C-9A84-D18A679182B3}.Debug|Any CPU.Build.0 = Debug|Any CPU
		{318992AF-19BF-446C-9A84-D18A679182B3}.Release|Any CPU.ActiveCfg = Release|Any CPU
		{318992AF-19BF-446C-9A84-D18A679182B3}.Release|Any CPU.Build.0 = Release|Any CPU
		{4A86CB02-E668-40CA-9B7E-A868C82CB77E}.Debug|Any CPU.ActiveCfg = Debug|Any CPU
		{4A86CB02-E668-40CA-9B7E-A868C82CB77E}.Debug|Any CPU.Build.0 = Debug|Any CPU
		{4A86CB02-E668-40CA-9B7E-A868C82CB77E}.Release|Any CPU.ActiveCfg = Release|Any CPU
		{4A86CB02-E668-40CA-9B7E-A868C82CB77E}.Release|Any CPU.Build.0 = Release|Any CPU
		{8964580D-E2D0-44B0-B08A-59A8229FC4CC}.Debug|Any CPU.ActiveCfg = Debug|Any CPU
		{8964580D-E2D0-44B0-B08A-59A8229FC4CC}.Debug|Any CPU.Build.0 = Debug|Any CPU
		{8964580D-E2D0-44B0-B08A-59A8229FC4CC}.Release|Any CPU.ActiveCfg = Release|Any CPU
		{8964580D-E2D0-44B0-B08A-59A8229FC4CC}.Release|Any CPU.Build.0 = Release|Any CPU
		{D10D3A29-EB4F-4C0B-A2E7-17D92349FD44}.Debug|Any CPU.ActiveCfg = Debug|Any CPU
		{D10D3A29-EB4F-4C0B-A2E7-17D92349FD44}.Debug|Any CPU.Build.0 = Debug|Any CPU
		{D10D3A29-EB4F-4C0B-A2E7-17D92349FD44}.Release|Any CPU.ActiveCfg = Release|Any CPU
		{D10D3A29-EB4F-4C0B-A2E7-17D92349FD44}.Release|Any CPU.Build.0 = Release|Any CPU
		{9BAF3A48-C794-4B25-B71A-A57703E98FC1}.Debug|Any CPU.ActiveCfg = Debug|Any CPU
		{9BAF3A48-C794-4B25-B71A-A57703E98FC1}.Debug|Any CPU.Build.0 = Debug|Any CPU
		{9BAF3A48-C794-4B25-B71A-A57703E98FC1}.Release|Any CPU.ActiveCfg = Release|Any CPU
		{9BAF3A48-C794-4B25-B71A-A57703E98FC1}.Release|Any CPU.Build.0 = Release|Any CPU
		{F4022F98-426B-446A-BA25-9B67EEA92ED3}.Debug|Any CPU.ActiveCfg = Debug|Any CPU
		{F4022F98-426B-446A-BA25-9B67EEA92ED3}.Debug|Any CPU.Build.0 = Debug|Any CPU
		{F4022F98-426B-446A-BA25-9B67EEA92ED3}.Release|Any CPU.ActiveCfg = Release|Any CPU
		{F4022F98-426B-446A-BA25-9B67EEA92ED3}.Release|Any CPU.Build.0 = Release|Any CPU
		{FD5F6F23-4D99-49CD-974A-61BE4F5A8CEB}.Debug|Any CPU.ActiveCfg = Debug|Any CPU
		{FD5F6F23-4D99-49CD-974A-61BE4F5A8CEB}.Debug|Any CPU.Build.0 = Debug|Any CPU
		{FD5F6F23-4D99-49CD-974A-61BE4F5A8CEB}.Release|Any CPU.ActiveCfg = Release|Any CPU
		{FD5F6F23-4D99-49CD-974A-61BE4F5A8CEB}.Release|Any CPU.Build.0 = Release|Any CPU
		{3568B8C0-ADE6-4D54-88F9-6665688629BF}.Debug|Any CPU.ActiveCfg = Debug|Any CPU
		{3568B8C0-ADE6-4D54-88F9-6665688629BF}.Debug|Any CPU.Build.0 = Debug|Any CPU
		{3568B8C0-ADE6-4D54-88F9-6665688629BF}.Release|Any CPU.ActiveCfg = Release|Any CPU
		{3568B8C0-ADE6-4D54-88F9-6665688629BF}.Release|Any CPU.Build.0 = Release|Any CPU
		{3AABAE21-6775-48EC-8392-FC822AA77C51}.Debug|Any CPU.ActiveCfg = Debug|Any CPU
		{3AABAE21-6775-48EC-8392-FC822AA77C51}.Debug|Any CPU.Build.0 = Debug|Any CPU
		{3AABAE21-6775-48EC-8392-FC822AA77C51}.Release|Any CPU.ActiveCfg = Release|Any CPU
		{3AABAE21-6775-48EC-8392-FC822AA77C51}.Release|Any CPU.Build.0 = Release|Any CPU
		{83DD80AF-59AE-4816-8B9D-F7344E9647CE}.Debug|Any CPU.ActiveCfg = Debug|Any CPU
		{83DD80AF-59AE-4816-8B9D-F7344E9647CE}.Debug|Any CPU.Build.0 = Debug|Any CPU
		{83DD80AF-59AE-4816-8B9D-F7344E9647CE}.Release|Any CPU.ActiveCfg = Release|Any CPU
		{83DD80AF-59AE-4816-8B9D-F7344E9647CE}.Release|Any CPU.Build.0 = Release|Any CPU
		{4488C983-91C6-47A9-9027-B1A3392C24B5}.Debug|Any CPU.ActiveCfg = Debug|Any CPU
		{4488C983-91C6-47A9-9027-B1A3392C24B5}.Debug|Any CPU.Build.0 = Debug|Any CPU
		{4488C983-91C6-47A9-9027-B1A3392C24B5}.Release|Any CPU.ActiveCfg = Release|Any CPU
		{4488C983-91C6-47A9-9027-B1A3392C24B5}.Release|Any CPU.Build.0 = Release|Any CPU
		{74E49488-5A54-4B68-899F-16731BEEB1E0}.Debug|Any CPU.ActiveCfg = Debug|Any CPU
		{74E49488-5A54-4B68-899F-16731BEEB1E0}.Debug|Any CPU.Build.0 = Debug|Any CPU
		{74E49488-5A54-4B68-899F-16731BEEB1E0}.Release|Any CPU.ActiveCfg = Release|Any CPU
		{74E49488-5A54-4B68-899F-16731BEEB1E0}.Release|Any CPU.Build.0 = Release|Any CPU
		{72E435A1-6491-4707-91F7-242A88374DC1}.Debug|Any CPU.ActiveCfg = Debug|Any CPU
		{72E435A1-6491-4707-91F7-242A88374DC1}.Debug|Any CPU.Build.0 = Debug|Any CPU
		{72E435A1-6491-4707-91F7-242A88374DC1}.Release|Any CPU.ActiveCfg = Release|Any CPU
		{72E435A1-6491-4707-91F7-242A88374DC1}.Release|Any CPU.Build.0 = Release|Any CPU
		{996B05E5-5642-42CF-B556-65149C535177}.Debug|Any CPU.ActiveCfg = Debug|Any CPU
		{996B05E5-5642-42CF-B556-65149C535177}.Debug|Any CPU.Build.0 = Debug|Any CPU
		{996B05E5-5642-42CF-B556-65149C535177}.Release|Any CPU.ActiveCfg = Release|Any CPU
		{996B05E5-5642-42CF-B556-65149C535177}.Release|Any CPU.Build.0 = Release|Any CPU
		{A088DEFD-22F8-47FD-8F66-2F66F739E55F}.Debug|Any CPU.ActiveCfg = Debug|Any CPU
		{A088DEFD-22F8-47FD-8F66-2F66F739E55F}.Debug|Any CPU.Build.0 = Debug|Any CPU
		{A088DEFD-22F8-47FD-8F66-2F66F739E55F}.Release|Any CPU.ActiveCfg = Release|Any CPU
		{A088DEFD-22F8-47FD-8F66-2F66F739E55F}.Release|Any CPU.Build.0 = Release|Any CPU
		{E60C1246-358E-41A7-A37B-4D0CCFD3E18D}.Debug|Any CPU.ActiveCfg = Debug|Any CPU
		{E60C1246-358E-41A7-A37B-4D0CCFD3E18D}.Debug|Any CPU.Build.0 = Debug|Any CPU
		{E60C1246-358E-41A7-A37B-4D0CCFD3E18D}.Release|Any CPU.ActiveCfg = Release|Any CPU
		{E60C1246-358E-41A7-A37B-4D0CCFD3E18D}.Release|Any CPU.Build.0 = Release|Any CPU
		{16EBEB5D-9CD1-4EF9-BD4C-26BDDF3E8185}.Debug|Any CPU.ActiveCfg = Debug|Any CPU
		{16EBEB5D-9CD1-4EF9-BD4C-26BDDF3E8185}.Debug|Any CPU.Build.0 = Debug|Any CPU
		{16EBEB5D-9CD1-4EF9-BD4C-26BDDF3E8185}.Release|Any CPU.ActiveCfg = Release|Any CPU
		{16EBEB5D-9CD1-4EF9-BD4C-26BDDF3E8185}.Release|Any CPU.Build.0 = Release|Any CPU
		{D46A955D-D42F-47B1-A320-2D6A87F7FE57}.Debug|Any CPU.ActiveCfg = Debug|Any CPU
		{D46A955D-D42F-47B1-A320-2D6A87F7FE57}.Debug|Any CPU.Build.0 = Debug|Any CPU
		{D46A955D-D42F-47B1-A320-2D6A87F7FE57}.Release|Any CPU.ActiveCfg = Release|Any CPU
		{D46A955D-D42F-47B1-A320-2D6A87F7FE57}.Release|Any CPU.Build.0 = Release|Any CPU
		{7FE49020-9ADA-4E88-8B2E-3D03006AA74C}.Debug|Any CPU.ActiveCfg = Debug|Any CPU
		{7FE49020-9ADA-4E88-8B2E-3D03006AA74C}.Debug|Any CPU.Build.0 = Debug|Any CPU
		{7FE49020-9ADA-4E88-8B2E-3D03006AA74C}.Release|Any CPU.ActiveCfg = Release|Any CPU
		{7FE49020-9ADA-4E88-8B2E-3D03006AA74C}.Release|Any CPU.Build.0 = Release|Any CPU
		{6796E215-546E-41DA-9C63-4AF4D52D6036}.Debug|Any CPU.ActiveCfg = Debug|Any CPU
		{6796E215-546E-41DA-9C63-4AF4D52D6036}.Debug|Any CPU.Build.0 = Debug|Any CPU
		{6796E215-546E-41DA-9C63-4AF4D52D6036}.Release|Any CPU.ActiveCfg = Release|Any CPU
		{6796E215-546E-41DA-9C63-4AF4D52D6036}.Release|Any CPU.Build.0 = Release|Any CPU
		{02501A9F-DB26-4928-B8BE-2C2A2D4F542B}.Debug|Any CPU.ActiveCfg = Debug|Any CPU
		{02501A9F-DB26-4928-B8BE-2C2A2D4F542B}.Debug|Any CPU.Build.0 = Debug|Any CPU
		{02501A9F-DB26-4928-B8BE-2C2A2D4F542B}.Release|Any CPU.ActiveCfg = Release|Any CPU
		{02501A9F-DB26-4928-B8BE-2C2A2D4F542B}.Release|Any CPU.Build.0 = Release|Any CPU
		{833B2484-CC79-4DD7-A47B-C9DCF928B088}.Debug|Any CPU.ActiveCfg = Debug|Any CPU
		{833B2484-CC79-4DD7-A47B-C9DCF928B088}.Debug|Any CPU.Build.0 = Debug|Any CPU
		{833B2484-CC79-4DD7-A47B-C9DCF928B088}.Release|Any CPU.ActiveCfg = Release|Any CPU
		{833B2484-CC79-4DD7-A47B-C9DCF928B088}.Release|Any CPU.Build.0 = Release|Any CPU
	EndGlobalSection
	GlobalSection(SolutionProperties) = preSolution
		HideSolutionNode = FALSE
	EndGlobalSection
	GlobalSection(NestedProjects) = preSolution
		{DD4EECCB-24FA-408B-B219-A244BD45E92A} = {108C54C1-88DB-4FB2-ABED-31F24DC6920A}
		{87463690-AB42-44A3-97B4-AE0142B8DE20} = {108C54C1-88DB-4FB2-ABED-31F24DC6920A}
		{DB685B78-872F-443F-85C8-C04CE293608F} = {108C54C1-88DB-4FB2-ABED-31F24DC6920A}
		{EF45AF89-E73B-4376-AB83-48C9E6FD3278} = {108C54C1-88DB-4FB2-ABED-31F24DC6920A}
		{149F3437-FF47-40B8-A5FB-F43828BDCD25} = {4B04C7F1-E16E-437D-AA0C-B3CB7BFBB552}
		{7AF4ABA8-36CE-4EEA-A4C9-6F984710EDD1} = {4B04C7F1-E16E-437D-AA0C-B3CB7BFBB552}
		{40BA3DB7-075F-4198-95D7-0883EADC6D86} = {4B04C7F1-E16E-437D-AA0C-B3CB7BFBB552}
		{D07385D5-B187-4385-832E-7BB6A916B06C} = {4B04C7F1-E16E-437D-AA0C-B3CB7BFBB552}
		{2A44AC06-DDCD-4C97-AD70-7E26625ED7E3} = {7E2FA01E-414B-473B-83DD-6D6FE1EFF217}
		{C762ADFA-8A22-405B-A862-5241CB523184} = {7E2FA01E-414B-473B-83DD-6D6FE1EFF217}
		{B27E0B6A-9D98-447C-A6E8-9B8193852EF2} = {7E2FA01E-414B-473B-83DD-6D6FE1EFF217}
		{318992AF-19BF-446C-9A84-D18A679182B3} = {7E2FA01E-414B-473B-83DD-6D6FE1EFF217}
		{8964580D-E2D0-44B0-B08A-59A8229FC4CC} = {B8DDFE53-E5B8-4DE7-9FFB-57AE8E2980FC}
		{D10D3A29-EB4F-4C0B-A2E7-17D92349FD44} = {B8DDFE53-E5B8-4DE7-9FFB-57AE8E2980FC}
		{9BAF3A48-C794-4B25-B71A-A57703E98FC1} = {B8DDFE53-E5B8-4DE7-9FFB-57AE8E2980FC}
		{F4022F98-426B-446A-BA25-9B67EEA92ED3} = {B8DDFE53-E5B8-4DE7-9FFB-57AE8E2980FC}
		{FD5F6F23-4D99-49CD-974A-61BE4F5A8CEB} = {F1B502C9-BA03-4BD2-81E4-1D1083511CEF}
		{3568B8C0-ADE6-4D54-88F9-6665688629BF} = {F1B502C9-BA03-4BD2-81E4-1D1083511CEF}
		{3AABAE21-6775-48EC-8392-FC822AA77C51} = {F1B502C9-BA03-4BD2-81E4-1D1083511CEF}
		{83DD80AF-59AE-4816-8B9D-F7344E9647CE} = {F1B502C9-BA03-4BD2-81E4-1D1083511CEF}
		{4488C983-91C6-47A9-9027-B1A3392C24B5} = {36A196F9-C44F-4375-9C78-5F79EA8863AF}
		{74E49488-5A54-4B68-899F-16731BEEB1E0} = {36A196F9-C44F-4375-9C78-5F79EA8863AF}
		{72E435A1-6491-4707-91F7-242A88374DC1} = {36A196F9-C44F-4375-9C78-5F79EA8863AF}
		{996B05E5-5642-42CF-B556-65149C535177} = {36A196F9-C44F-4375-9C78-5F79EA8863AF}
		{A088DEFD-22F8-47FD-8F66-2F66F739E55F} = {EB185880-B574-4EA4-8864-5AB58C79E124}
		{E60C1246-358E-41A7-A37B-4D0CCFD3E18D} = {EB185880-B574-4EA4-8864-5AB58C79E124}
		{16EBEB5D-9CD1-4EF9-BD4C-26BDDF3E8185} = {EB185880-B574-4EA4-8864-5AB58C79E124}
		{7FE49020-9ADA-4E88-8B2E-3D03006AA74C} = {AAC8D94B-83CE-4DA0-BB0A-F2FC11338D9B}
		{833B2484-CC79-4DD7-A47B-C9DCF928B088} = {F1B502C9-BA03-4BD2-81E4-1D1083511CEF}
	EndGlobalSection
EndGlobal
