
Microsoft Visual Studio Solution File, Format Version 12.00
# Visual Studio Version 17
VisualStudioVersion = 17.12.35506.116
MinimumVisualStudioVersion = 10.0.40219.1
Project("{FAE04EC0-301F-11D3-BF4B-00C04F79EFBC}") = "innoClinic", "innoClinic\innoClinic.csproj", "{4B509259-41B7-44E0-AED6-DA94370E39BE}"
EndProject
Project("{FAE04EC0-301F-11D3-BF4B-00C04F79EFBC}") = "Authorization.Api", "Authorrization.Api\Authorization.Api.csproj", "{DD4EECCB-24FA-408B-B219-A244BD45E92A}"
EndProject
Project("{FAE04EC0-301F-11D3-BF4B-00C04F79EFBC}") = "Authorization.DataAccess", "Authorization.DataAccess\Authorization.DataAccess.csproj", "{87463690-AB42-44A3-97B4-AE0142B8DE20}"
EndProject
Project("{FAE04EC0-301F-11D3-BF4B-00C04F79EFBC}") = "Authorization.Domain", "Authorization.Domain\Authorization.Domain.csproj", "{DB685B78-872F-443F-85C8-C04CE293608F}"
EndProject
Project("{FAE04EC0-301F-11D3-BF4B-00C04F79EFBC}") = "Authorization.Application", "Authorization.Application\Authorization.Application.csproj", "{EF45AF89-E73B-4376-AB83-48C9E6FD3278}"
EndProject
Project("{FAE04EC0-301F-11D3-BF4B-00C04F79EFBC}") = "Shared.Abstractions", "innoClinic.Abstractions\Shared.Abstractions.csproj", "{47C225B1-7681-48C8-8A83-9E25C1DB291E}"
EndProject
Project("{FAE04EC0-301F-11D3-BF4B-00C04F79EFBC}") = "Offices.Api", "Offices.Api\Offices.Api.csproj", "{149F3437-FF47-40B8-A5FB-F43828BDCD25}"
EndProject
Project("{2150E333-8FDC-42A3-9474-1A3956D46DE8}") = "Offices", "Offices", "{4B04C7F1-E16E-437D-AA0C-B3CB7BFBB552}"
EndProject
Project("{FAE04EC0-301F-11D3-BF4B-00C04F79EFBC}") = "Offices.DataAccess", "Offices.DataAccess\Offices.DataAccess.csproj", "{7AF4ABA8-36CE-4EEA-A4C9-6F984710EDD1}"
EndProject
Project("{FAE04EC0-301F-11D3-BF4B-00C04F79EFBC}") = "Offices.Domain", "Offices.Domain\Offices.Domain.csproj", "{40BA3DB7-075F-4198-95D7-0883EADC6D86}"
EndProject
Project("{FAE04EC0-301F-11D3-BF4B-00C04F79EFBC}") = "Offices.Application", "Offices.Application\Offices.Application.csproj", "{D07385D5-B187-4385-832E-7BB6A916B06C}"
EndProject
Project("{2150E333-8FDC-42A3-9474-1A3956D46DE8}") = "Authorization", "Authorization", "{108C54C1-88DB-4FB2-ABED-31F24DC6920A}"
EndProject
Project("{2150E333-8FDC-42A3-9474-1A3956D46DE8}") = "Profiles", "Profiles", "{7E2FA01E-414B-473B-83DD-6D6FE1EFF217}"
EndProject
Project("{FAE04EC0-301F-11D3-BF4B-00C04F79EFBC}") = "Profiles.Api", "ProfilesApi\Profiles.Api.csproj", "{2A44AC06-DDCD-4C97-AD70-7E26625ED7E3}"
EndProject
Project("{FAE04EC0-301F-11D3-BF4B-00C04F79EFBC}") = "Profiles.Domain", "Profiles.Domain\Profiles.Domain.csproj", "{C762ADFA-8A22-405B-A862-5241CB523184}"
EndProject
Project("{FAE04EC0-301F-11D3-BF4B-00C04F79EFBC}") = "Profiles.DataAccess", "Profiles.DataAccess\Profiles.DataAccess.csproj", "{B27E0B6A-9D98-447C-A6E8-9B8193852EF2}"
EndProject
Project("{FAE04EC0-301F-11D3-BF4B-00C04F79EFBC}") = "Profiles.Application", "Profiles.Application\Profiles.Application.csproj", "{318992AF-19BF-446C-9A84-D18A679182B3}"
EndProject
Project("{2150E333-8FDC-42A3-9474-1A3956D46DE8}") = "Solution Items", "Solution Items", "{D1E07C9C-EDDB-4C18-A0A9-53971A43A2B2}"
EndProject
Project("{E53339B2-1760-4266-BCC7-CA923CBCF16C}") = "docker-compose", "docker-compose.dcproj", "{4A86CB02-E668-40CA-9B7E-A868C82CB77E}"
EndProject
Project("{2150E333-8FDC-42A3-9474-1A3956D46DE8}") = "Documents", "Documents", "{36A196F9-C44F-4375-9C78-5F79EA8863AF}"
EndProject
Project("{FAE04EC0-301F-11D3-BF4B-00C04F79EFBC}") = "Documents.GrpcApi", "Documents.GrpcApi\Documents.GrpcApi.csproj", "{4488C983-91C6-47A9-9027-B1A3392C24B5}"
EndProject
Project("{FAE04EC0-301F-11D3-BF4B-00C04F79EFBC}") = "Documents.DataAccess", "Documents.DataAccess\Documents.DataAccess.csproj", "{74E49488-5A54-4B68-899F-16731BEEB1E0}"
EndProject
Project("{FAE04EC0-301F-11D3-BF4B-00C04F79EFBC}") = "Documents.Application", "Documents.Application\Documents.Application.csproj", "{72E435A1-6491-4707-91F7-242A88374DC1}"
EndProject
Project("{FAE04EC0-301F-11D3-BF4B-00C04F79EFBC}") = "Documents.Domain", "..\Documents.Domain\Documents.Domain.csproj", "{996B05E5-5642-42CF-B556-65149C535177}"
EndProject
Global
	GlobalSection(SolutionConfigurationPlatforms) = preSolution
		Debug|Any CPU = Debug|Any CPU
		Release|Any CPU = Release|Any CPU
	EndGlobalSection
	GlobalSection(ProjectConfigurationPlatforms) = postSolution
		{4B509259-41B7-44E0-AED6-DA94370E39BE}.Debug|Any CPU.ActiveCfg = Debug|Any CPU
		{4B509259-41B7-44E0-AED6-DA94370E39BE}.Debug|Any CPU.Build.0 = Debug|Any CPU
		{4B509259-41B7-44E0-AED6-DA94370E39BE}.Release|Any CPU.ActiveCfg = Release|Any CPU
		{4B509259-41B7-44E0-AED6-DA94370E39BE}.Release|Any CPU.Build.0 = Release|Any CPU
		{DD4EECCB-24FA-408B-B219-A244BD45E92A}.Debug|Any CPU.ActiveCfg = Debug|Any CPU
		{DD4EECCB-24FA-408B-B219-A244BD45E92A}.Debug|Any CPU.Build.0 = Debug|Any CPU
		{DD4EECCB-24FA-408B-B219-A244BD45E92A}.Release|Any CPU.ActiveCfg = Release|Any CPU
		{DD4EECCB-24FA-408B-B219-A244BD45E92A}.Release|Any CPU.Build.0 = Release|Any CPU
		{87463690-AB42-44A3-97B4-AE0142B8DE20}.Debug|Any CPU.ActiveCfg = Debug|Any CPU
		{87463690-AB42-44A3-97B4-AE0142B8DE20}.Debug|Any CPU.Build.0 = Debug|Any CPU
		{87463690-AB42-44A3-97B4-AE0142B8DE20}.Release|Any CPU.ActiveCfg = Release|Any CPU
		{87463690-AB42-44A3-97B4-AE0142B8DE20}.Release|Any CPU.Build.0 = Release|Any CPU
		{DB685B78-872F-443F-85C8-C04CE293608F}.Debug|Any CPU.ActiveCfg = Debug|Any CPU
		{DB685B78-872F-443F-85C8-C04CE293608F}.Debug|Any CPU.Build.0 = Debug|Any CPU
		{DB685B78-872F-443F-85C8-C04CE293608F}.Release|Any CPU.ActiveCfg = Release|Any CPU
		{DB685B78-872F-443F-85C8-C04CE293608F}.Release|Any CPU.Build.0 = Release|Any CPU
		{EF45AF89-E73B-4376-AB83-48C9E6FD3278}.Debug|Any CPU.ActiveCfg = Debug|Any CPU
		{EF45AF89-E73B-4376-AB83-48C9E6FD3278}.Debug|Any CPU.Build.0 = Debug|Any CPU
		{EF45AF89-E73B-4376-AB83-48C9E6FD3278}.Release|Any CPU.ActiveCfg = Release|Any CPU
		{EF45AF89-E73B-4376-AB83-48C9E6FD3278}.Release|Any CPU.Build.0 = Release|Any CPU
		{47C225B1-7681-48C8-8A83-9E25C1DB291E}.Debug|Any CPU.ActiveCfg = Debug|Any CPU
		{47C225B1-7681-48C8-8A83-9E25C1DB291E}.Debug|Any CPU.Build.0 = Debug|Any CPU
		{47C225B1-7681-48C8-8A83-9E25C1DB291E}.Release|Any CPU.ActiveCfg = Release|Any CPU
		{47C225B1-7681-48C8-8A83-9E25C1DB291E}.Release|Any CPU.Build.0 = Release|Any CPU
		{149F3437-FF47-40B8-A5FB-F43828BDCD25}.Debug|Any CPU.ActiveCfg = Debug|Any CPU
		{149F3437-FF47-40B8-A5FB-F43828BDCD25}.Debug|Any CPU.Build.0 = Debug|Any CPU
		{149F3437-FF47-40B8-A5FB-F43828BDCD25}.Release|Any CPU.ActiveCfg = Release|Any CPU
		{149F3437-FF47-40B8-A5FB-F43828BDCD25}.Release|Any CPU.Build.0 = Release|Any CPU
		{7AF4ABA8-36CE-4EEA-A4C9-6F984710EDD1}.Debug|Any CPU.ActiveCfg = Debug|Any CPU
		{7AF4ABA8-36CE-4EEA-A4C9-6F984710EDD1}.Debug|Any CPU.Build.0 = Debug|Any CPU
		{7AF4ABA8-36CE-4EEA-A4C9-6F984710EDD1}.Release|Any CPU.ActiveCfg = Release|Any CPU
		{7AF4ABA8-36CE-4EEA-A4C9-6F984710EDD1}.Release|Any CPU.Build.0 = Release|Any CPU
		{40BA3DB7-075F-4198-95D7-0883EADC6D86}.Debug|Any CPU.ActiveCfg = Debug|Any CPU
		{40BA3DB7-075F-4198-95D7-0883EADC6D86}.Debug|Any CPU.Build.0 = Debug|Any CPU
		{40BA3DB7-075F-4198-95D7-0883EADC6D86}.Release|Any CPU.ActiveCfg = Release|Any CPU
		{40BA3DB7-075F-4198-95D7-0883EADC6D86}.Release|Any CPU.Build.0 = Release|Any CPU
		{D07385D5-B187-4385-832E-7BB6A916B06C}.Debug|Any CPU.ActiveCfg = Debug|Any CPU
		{D07385D5-B187-4385-832E-7BB6A916B06C}.Debug|Any CPU.Build.0 = Debug|Any CPU
		{D07385D5-B187-4385-832E-7BB6A916B06C}.Release|Any CPU.ActiveCfg = Release|Any CPU
		{D07385D5-B187-4385-832E-7BB6A916B06C}.Release|Any CPU.Build.0 = Release|Any CPU
		{2A44AC06-DDCD-4C97-AD70-7E26625ED7E3}.Debug|Any CPU.ActiveCfg = Debug|Any CPU
		{2A44AC06-DDCD-4C97-AD70-7E26625ED7E3}.Debug|Any CPU.Build.0 = Debug|Any CPU
		{2A44AC06-DDCD-4C97-AD70-7E26625ED7E3}.Release|Any CPU.ActiveCfg = Release|Any CPU
		{2A44AC06-DDCD-4C97-AD70-7E26625ED7E3}.Release|Any CPU.Build.0 = Release|Any CPU
		{C762ADFA-8A22-405B-A862-5241CB523184}.Debug|Any CPU.ActiveCfg = Debug|Any CPU
		{C762ADFA-8A22-405B-A862-5241CB523184}.Debug|Any CPU.Build.0 = Debug|Any CPU
		{C762ADFA-8A22-405B-A862-5241CB523184}.Release|Any CPU.ActiveCfg = Release|Any CPU
		{C762ADFA-8A22-405B-A862-5241CB523184}.Release|Any CPU.Build.0 = Release|Any CPU
		{B27E0B6A-9D98-447C-A6E8-9B8193852EF2}.Debug|Any CPU.ActiveCfg = Debug|Any CPU
		{B27E0B6A-9D98-447C-A6E8-9B8193852EF2}.Debug|Any CPU.Build.0 = Debug|Any CPU
		{B27E0B6A-9D98-447C-A6E8-9B8193852EF2}.Release|Any CPU.ActiveCfg = Release|Any CPU
		{B27E0B6A-9D98-447C-A6E8-9B8193852EF2}.Release|Any CPU.Build.0 = Release|Any CPU
		{318992AF-19BF-446C-9A84-D18A679182B3}.Debug|Any CPU.ActiveCfg = Debug|Any CPU
		{318992AF-19BF-446C-9A84-D18A679182B3}.Debug|Any CPU.Build.0 = Debug|Any CPU
		{318992AF-19BF-446C-9A84-D18A679182B3}.Release|Any CPU.ActiveCfg = Release|Any CPU
		{318992AF-19BF-446C-9A84-D18A679182B3}.Release|Any CPU.Build.0 = Release|Any CPU
		{4A86CB02-E668-40CA-9B7E-A868C82CB77E}.Debug|Any CPU.ActiveCfg = Debug|Any CPU
		{4A86CB02-E668-40CA-9B7E-A868C82CB77E}.Debug|Any CPU.Build.0 = Debug|Any CPU
		{4A86CB02-E668-40CA-9B7E-A868C82CB77E}.Release|Any CPU.ActiveCfg = Release|Any CPU
		{4A86CB02-E668-40CA-9B7E-A868C82CB77E}.Release|Any CPU.Build.0 = Release|Any CPU
		{4488C983-91C6-47A9-9027-B1A3392C24B5}.Debug|Any CPU.ActiveCfg = Debug|Any CPU
		{4488C983-91C6-47A9-9027-B1A3392C24B5}.Debug|Any CPU.Build.0 = Debug|Any CPU
		{4488C983-91C6-47A9-9027-B1A3392C24B5}.Release|Any CPU.ActiveCfg = Release|Any CPU
		{4488C983-91C6-47A9-9027-B1A3392C24B5}.Release|Any CPU.Build.0 = Release|Any CPU
		{74E49488-5A54-4B68-899F-16731BEEB1E0}.Debug|Any CPU.ActiveCfg = Debug|Any CPU
		{74E49488-5A54-4B68-899F-16731BEEB1E0}.Debug|Any CPU.Build.0 = Debug|Any CPU
		{74E49488-5A54-4B68-899F-16731BEEB1E0}.Release|Any CPU.ActiveCfg = Release|Any CPU
		{74E49488-5A54-4B68-899F-16731BEEB1E0}.Release|Any CPU.Build.0 = Release|Any CPU
		{72E435A1-6491-4707-91F7-242A88374DC1}.Debug|Any CPU.ActiveCfg = Debug|Any CPU
		{72E435A1-6491-4707-91F7-242A88374DC1}.Debug|Any CPU.Build.0 = Debug|Any CPU
		{72E435A1-6491-4707-91F7-242A88374DC1}.Release|Any CPU.ActiveCfg = Release|Any CPU
		{72E435A1-6491-4707-91F7-242A88374DC1}.Release|Any CPU.Build.0 = Release|Any CPU
		{996B05E5-5642-42CF-B556-65149C535177}.Debug|Any CPU.ActiveCfg = Debug|Any CPU
		{996B05E5-5642-42CF-B556-65149C535177}.Debug|Any CPU.Build.0 = Debug|Any CPU
		{996B05E5-5642-42CF-B556-65149C535177}.Release|Any CPU.ActiveCfg = Release|Any CPU
		{996B05E5-5642-42CF-B556-65149C535177}.Release|Any CPU.Build.0 = Release|Any CPU
	EndGlobalSection
	GlobalSection(SolutionProperties) = preSolution
		HideSolutionNode = FALSE
	EndGlobalSection
	GlobalSection(NestedProjects) = preSolution
		{DD4EECCB-24FA-408B-B219-A244BD45E92A} = {108C54C1-88DB-4FB2-ABED-31F24DC6920A}
		{87463690-AB42-44A3-97B4-AE0142B8DE20} = {108C54C1-88DB-4FB2-ABED-31F24DC6920A}
		{DB685B78-872F-443F-85C8-C04CE293608F} = {108C54C1-88DB-4FB2-ABED-31F24DC6920A}
		{EF45AF89-E73B-4376-AB83-48C9E6FD3278} = {108C54C1-88DB-4FB2-ABED-31F24DC6920A}
		{149F3437-FF47-40B8-A5FB-F43828BDCD25} = {4B04C7F1-E16E-437D-AA0C-B3CB7BFBB552}
		{7AF4ABA8-36CE-4EEA-A4C9-6F984710EDD1} = {4B04C7F1-E16E-437D-AA0C-B3CB7BFBB552}
		{40BA3DB7-075F-4198-95D7-0883EADC6D86} = {4B04C7F1-E16E-437D-AA0C-B3CB7BFBB552}
		{D07385D5-B187-4385-832E-7BB6A916B06C} = {4B04C7F1-E16E-437D-AA0C-B3CB7BFBB552}
		{2A44AC06-DDCD-4C97-AD70-7E26625ED7E3} = {7E2FA01E-414B-473B-83DD-6D6FE1EFF217}
		{C762ADFA-8A22-405B-A862-5241CB523184} = {7E2FA01E-414B-473B-83DD-6D6FE1EFF217}
		{B27E0B6A-9D98-447C-A6E8-9B8193852EF2} = {7E2FA01E-414B-473B-83DD-6D6FE1EFF217}
		{318992AF-19BF-446C-9A84-D18A679182B3} = {7E2FA01E-414B-473B-83DD-6D6FE1EFF217}
		{4488C983-91C6-47A9-9027-B1A3392C24B5} = {36A196F9-C44F-4375-9C78-5F79EA8863AF}
		{74E49488-5A54-4B68-899F-16731BEEB1E0} = {36A196F9-C44F-4375-9C78-5F79EA8863AF}
		{72E435A1-6491-4707-91F7-242A88374DC1} = {36A196F9-C44F-4375-9C78-5F79EA8863AF}
		{996B05E5-5642-42CF-B556-65149C535177} = {36A196F9-C44F-4375-9C78-5F79EA8863AF}
	EndGlobalSection
EndGlobal
